
Microsoft Visual Studio Solution File, Format Version 12.00
# Visual Studio Version 17
VisualStudioVersion = 17.7.34202.233
MinimumVisualStudioVersion = 10.0.40219.1
Project("{888888A0-9F3D-457C-B088-3A5042F75D52}") = "d第四周", "d第四周.pyproj", "{15BA9DFE-FDD2-418D-A56F-C15589A81748}"
EndProject
Global
	GlobalSection(SolutionConfigurationPlatforms) = preSolution
		Debug|Any CPU = Debug|Any CPU
		Release|Any CPU = Release|Any CPU
	EndGlobalSection
	GlobalSection(ProjectConfigurationPlatforms) = postSolution
		{15BA9DFE-FDD2-418D-A56F-C15589A81748}.Debug|Any CPU.ActiveCfg = Debug|Any CPU
		{15BA9DFE-FDD2-418D-A56F-C15589A81748}.Release|Any CPU.ActiveCfg = Release|Any CPU
	EndGlobalSection
	GlobalSection(SolutionProperties) = preSolution
		HideSolutionNode = FALSE
	EndGlobalSection
	GlobalSection(ExtensibilityGlobals) = postSolution
		SolutionGuid = {5A0C142F-8954-427B-A175-17D553A246FF}
	EndGlobalSection
EndGlobal
